
Microsoft Visual Studio Solution File, Format Version 12.00
# Visual Studio Version 17
VisualStudioVersion = 17.14.35906.104
MinimumVisualStudioVersion = 10.0.40219.1
Project("{FAE04EC0-301F-11D3-BF4B-00C04F79EFBC}") = "MooncastleEditor", "MooncastleEditor\MooncastleEditor.csproj", "{EB308928-7F36-48F1-B8A8-AE983474590B}"
EndProject
Project("{8BC9CEB8-8B4A-11D0-8D11-00A0C91BC942}") = "Mooncastle", "Mooncastle\Mooncastle.vcxproj", "{D3427DF2-BC13-428A-868D-08F1F5B6026D}"
EndProject
Project("{8BC9CEB8-8B4A-11D0-8D11-00A0C91BC942}") = "EngineTest", "EngineTest\EngineTest.vcxproj", "{CBF277D8-61A5-4EA8-8DE6-F44B346CA387}"
	ProjectSection(ProjectDependencies) = postProject
		{4BE38F15-2B12-4328-8708-5C299CC758E7} = {4BE38F15-2B12-4328-8708-5C299CC758E7}
		{D3427DF2-BC13-428A-868D-08F1F5B6026D} = {D3427DF2-BC13-428A-868D-08F1F5B6026D}
	EndProjectSection
EndProject
Project("{8BC9CEB8-8B4A-11D0-8D11-00A0C91BC942}") = "EngineDLL", "EngineDLL\EngineDLL.vcxproj", "{4BE38F15-2B12-4328-8708-5C299CC758E7}"
	ProjectSection(ProjectDependencies) = postProject
		{D3427DF2-BC13-428A-868D-08F1F5B6026D} = {D3427DF2-BC13-428A-868D-08F1F5B6026D}
	EndProjectSection
EndProject
Project("{8BC9CEB8-8B4A-11D0-8D11-00A0C91BC942}") = "ContentTools", "ContentTools\ContentTools.vcxproj", "{97525F55-C02D-47C9-90E4-AA9B77EB2A3E}"
EndProject
Global
	GlobalSection(SolutionConfigurationPlatforms) = preSolution
		Debug|Any CPU = Debug|Any CPU
		Debug|x64 = Debug|x64
		DebugEditor|Any CPU = DebugEditor|Any CPU
		DebugEditor|x64 = DebugEditor|x64
		Release|Any CPU = Release|Any CPU
		Release|x64 = Release|x64
		ReleaseEditor|Any CPU = ReleaseEditor|Any CPU
		ReleaseEditor|x64 = ReleaseEditor|x64
	EndGlobalSection
	GlobalSection(ProjectConfigurationPlatforms) = postSolution
		{EB308928-7F36-48F1-B8A8-AE983474590B}.Debug|Any CPU.ActiveCfg = DebugEditor|x64
		{EB308928-7F36-48F1-B8A8-AE983474590B}.Debug|x64.ActiveCfg = ReleaseEditor|x64
		{EB308928-7F36-48F1-B8A8-AE983474590B}.Debug|x64.Build.0 = ReleaseEditor|x64
		{EB308928-7F36-48F1-B8A8-AE983474590B}.DebugEditor|Any CPU.ActiveCfg = DebugEditor|x64
		{EB308928-7F36-48F1-B8A8-AE983474590B}.DebugEditor|Any CPU.Build.0 = DebugEditor|x64
		{EB308928-7F36-48F1-B8A8-AE983474590B}.DebugEditor|x64.ActiveCfg = DebugEditor|x64
		{EB308928-7F36-48F1-B8A8-AE983474590B}.DebugEditor|x64.Build.0 = DebugEditor|x64
		{EB308928-7F36-48F1-B8A8-AE983474590B}.Release|Any CPU.ActiveCfg = ReleaseEditor|x64
		{EB308928-7F36-48F1-B8A8-AE983474590B}.Release|x64.ActiveCfg = ReleaseEditor|x64
		{EB308928-7F36-48F1-B8A8-AE983474590B}.Release|x64.Build.0 = ReleaseEditor|x64
		{EB308928-7F36-48F1-B8A8-AE983474590B}.ReleaseEditor|Any CPU.ActiveCfg = ReleaseEditor|x64
		{EB308928-7F36-48F1-B8A8-AE983474590B}.ReleaseEditor|Any CPU.Build.0 = ReleaseEditor|x64
		{EB308928-7F36-48F1-B8A8-AE983474590B}.ReleaseEditor|x64.ActiveCfg = ReleaseEditor|x64
		{EB308928-7F36-48F1-B8A8-AE983474590B}.ReleaseEditor|x64.Build.0 = ReleaseEditor|x64
		{D3427DF2-BC13-428A-868D-08F1F5B6026D}.Debug|Any CPU.ActiveCfg = Debug|x64
		{D3427DF2-BC13-428A-868D-08F1F5B6026D}.Debug|Any CPU.Build.0 = Debug|x64
		{D3427DF2-BC13-428A-868D-08F1F5B6026D}.Debug|x64.ActiveCfg = Debug|x64
		{D3427DF2-BC13-428A-868D-08F1F5B6026D}.Debug|x64.Build.0 = Debug|x64
		{D3427DF2-BC13-428A-868D-08F1F5B6026D}.DebugEditor|Any CPU.ActiveCfg = DebugEditor|x64
		{D3427DF2-BC13-428A-868D-08F1F5B6026D}.DebugEditor|Any CPU.Build.0 = DebugEditor|x64
		{D3427DF2-BC13-428A-868D-08F1F5B6026D}.DebugEditor|x64.ActiveCfg = DebugEditor|x64
		{D3427DF2-BC13-428A-868D-08F1F5B6026D}.DebugEditor|x64.Build.0 = DebugEditor|x64
		{D3427DF2-BC13-428A-868D-08F1F5B6026D}.Release|Any CPU.ActiveCfg = Release|x64
		{D3427DF2-BC13-428A-868D-08F1F5B6026D}.Release|Any CPU.Build.0 = Release|x64
		{D3427DF2-BC13-428A-868D-08F1F5B6026D}.Release|x64.ActiveCfg = Release|x64
		{D3427DF2-BC13-428A-868D-08F1F5B6026D}.Release|x64.Build.0 = Release|x64
		{D3427DF2-BC13-428A-868D-08F1F5B6026D}.ReleaseEditor|Any CPU.ActiveCfg = ReleaseEditor|x64
		{D3427DF2-BC13-428A-868D-08F1F5B6026D}.ReleaseEditor|Any CPU.Build.0 = ReleaseEditor|x64
		{D3427DF2-BC13-428A-868D-08F1F5B6026D}.ReleaseEditor|x64.ActiveCfg = ReleaseEditor|x64
		{D3427DF2-BC13-428A-868D-08F1F5B6026D}.ReleaseEditor|x64.Build.0 = ReleaseEditor|x64
		{CBF277D8-61A5-4EA8-8DE6-F44B346CA387}.Debug|Any CPU.ActiveCfg = Debug|x64
		{CBF277D8-61A5-4EA8-8DE6-F44B346CA387}.Debug|Any CPU.Build.0 = Debug|x64
		{CBF277D8-61A5-4EA8-8DE6-F44B346CA387}.Debug|x64.ActiveCfg = Debug|x64
		{CBF277D8-61A5-4EA8-8DE6-F44B346CA387}.Debug|x64.Build.0 = Debug|x64
		{CBF277D8-61A5-4EA8-8DE6-F44B346CA387}.DebugEditor|Any CPU.ActiveCfg = DebugEditor|Win32
		{CBF277D8-61A5-4EA8-8DE6-F44B346CA387}.DebugEditor|Any CPU.Build.0 = DebugEditor|Win32
		{CBF277D8-61A5-4EA8-8DE6-F44B346CA387}.DebugEditor|x64.ActiveCfg = DebugEditor|x64
		{CBF277D8-61A5-4EA8-8DE6-F44B346CA387}.DebugEditor|x64.Build.0 = DebugEditor|x64
		{CBF277D8-61A5-4EA8-8DE6-F44B346CA387}.Release|Any CPU.ActiveCfg = Release|x64
		{CBF277D8-61A5-4EA8-8DE6-F44B346CA387}.Release|Any CPU.Build.0 = Release|x64
		{CBF277D8-61A5-4EA8-8DE6-F44B346CA387}.Release|x64.ActiveCfg = Release|x64
		{CBF277D8-61A5-4EA8-8DE6-F44B346CA387}.Release|x64.Build.0 = Release|x64
		{CBF277D8-61A5-4EA8-8DE6-F44B346CA387}.ReleaseEditor|Any CPU.ActiveCfg = ReleaseEditor|Win32
		{CBF277D8-61A5-4EA8-8DE6-F44B346CA387}.ReleaseEditor|Any CPU.Build.0 = ReleaseEditor|Win32
		{CBF277D8-61A5-4EA8-8DE6-F44B346CA387}.ReleaseEditor|x64.ActiveCfg = ReleaseEditor|x64
		{CBF277D8-61A5-4EA8-8DE6-F44B346CA387}.ReleaseEditor|x64.Build.0 = ReleaseEditor|x64
		{4BE38F15-2B12-4328-8708-5C299CC758E7}.Debug|Any CPU.ActiveCfg = Debug|x64
		{4BE38F15-2B12-4328-8708-5C299CC758E7}.Debug|Any CPU.Build.0 = Debug|x64
		{4BE38F15-2B12-4328-8708-5C299CC758E7}.Debug|x64.ActiveCfg = DebugEditor|x64
		{4BE38F15-2B12-4328-8708-5C299CC758E7}.Debug|x64.Build.0 = DebugEditor|x64
		{4BE38F15-2B12-4328-8708-5C299CC758E7}.DebugEditor|Any CPU.ActiveCfg = DebugEditor|Win32
		{4BE38F15-2B12-4328-8708-5C299CC758E7}.DebugEditor|Any CPU.Build.0 = DebugEditor|Win32
		{4BE38F15-2B12-4328-8708-5C299CC758E7}.DebugEditor|x64.ActiveCfg = DebugEditor|x64
		{4BE38F15-2B12-4328-8708-5C299CC758E7}.DebugEditor|x64.Build.0 = DebugEditor|x64
		{4BE38F15-2B12-4328-8708-5C299CC758E7}.Release|Any CPU.ActiveCfg = ReleaseEditor|x64
		{4BE38F15-2B12-4328-8708-5C299CC758E7}.Release|x64.ActiveCfg = ReleaseEditor|x64
		{4BE38F15-2B12-4328-8708-5C299CC758E7}.Release|x64.Build.0 = ReleaseEditor|x64
		{4BE38F15-2B12-4328-8708-5C299CC758E7}.ReleaseEditor|Any CPU.ActiveCfg = ReleaseEditor|Win32
		{4BE38F15-2B12-4328-8708-5C299CC758E7}.ReleaseEditor|Any CPU.Build.0 = ReleaseEditor|Win32
		{4BE38F15-2B12-4328-8708-5C299CC758E7}.ReleaseEditor|x64.ActiveCfg = ReleaseEditor|x64
		{4BE38F15-2B12-4328-8708-5C299CC758E7}.ReleaseEditor|x64.Build.0 = ReleaseEditor|x64
		{97525F55-C02D-47C9-90E4-AA9B77EB2A3E}.Debug|Any CPU.ActiveCfg = DebugEditor|x64
		{97525F55-C02D-47C9-90E4-AA9B77EB2A3E}.Debug|Any CPU.Build.0 = DebugEditor|x64
		{97525F55-C02D-47C9-90E4-AA9B77EB2A3E}.Debug|x64.ActiveCfg = ReleaseEditor|x64
		{97525F55-C02D-47C9-90E4-AA9B77EB2A3E}.Debug|x64.Build.0 = ReleaseEditor|x64
		{97525F55-C02D-47C9-90E4-AA9B77EB2A3E}.DebugEditor|Any CPU.ActiveCfg = DebugEditor|x64
		{97525F55-C02D-47C9-90E4-AA9B77EB2A3E}.DebugEditor|Any CPU.Build.0 = DebugEditor|x64
		{97525F55-C02D-47C9-90E4-AA9B77EB2A3E}.DebugEditor|x64.ActiveCfg = DebugEditor|x64
		{97525F55-C02D-47C9-90E4-AA9B77EB2A3E}.DebugEditor|x64.Build.0 = DebugEditor|x64
		{97525F55-C02D-47C9-90E4-AA9B77EB2A3E}.Release|Any CPU.ActiveCfg = ReleaseEditor|x64
		{97525F55-C02D-47C9-90E4-AA9B77EB2A3E}.Release|Any CPU.Build.0 = ReleaseEditor|x64
		{97525F55-C02D-47C9-90E4-AA9B77EB2A3E}.Release|x64.ActiveCfg = ReleaseEditor|x64
		{97525F55-C02D-47C9-90E4-AA9B77EB2A3E}.Release|x64.Build.0 = ReleaseEditor|x64
		{97525F55-C02D-47C9-90E4-AA9B77EB2A3E}.ReleaseEditor|Any CPU.ActiveCfg = ReleaseEditor|x64
		{97525F55-C02D-47C9-90E4-AA9B77EB2A3E}.ReleaseEditor|Any CPU.Build.0 = ReleaseEditor|x64
		{97525F55-C02D-47C9-90E4-AA9B77EB2A3E}.ReleaseEditor|x64.ActiveCfg = ReleaseEditor|x64
		{97525F55-C02D-47C9-90E4-AA9B77EB2A3E}.ReleaseEditor|x64.Build.0 = ReleaseEditor|x64
	EndGlobalSection
	GlobalSection(SolutionProperties) = preSolution
		HideSolutionNode = FALSE
	EndGlobalSection
	GlobalSection(ExtensibilityGlobals) = postSolution
		SolutionGuid = {E21021DB-9849-4262-B38A-B9C3F0AC6204}
	EndGlobalSection
EndGlobal
